
Microsoft Visual Studio Solution File, Format Version 12.00
# Visual Studio Version 16
VisualStudioVersion = 16.0.30330.147
MinimumVisualStudioVersion = 10.0.40219.1
Project("{FAE04EC0-301F-11D3-BF4B-00C04F79EFBC}") = "EF.Core.Tutorial", "EF.Core.Tutorial.csproj", "{51929704-C0C0-4666-B6AA-9A3D72CB1DC3}"
EndProject
Global
	GlobalSection(SolutionConfigurationPlatforms) = preSolution
		Debug|Any CPU = Debug|Any CPU
		Release|Any CPU = Release|Any CPU
	EndGlobalSection
	GlobalSection(ProjectConfigurationPlatforms) = postSolution
		{51929704-C0C0-4666-B6AA-9A3D72CB1DC3}.Debug|Any CPU.ActiveCfg = Debug|Any CPU
		{51929704-C0C0-4666-B6AA-9A3D72CB1DC3}.Debug|Any CPU.Build.0 = Debug|Any CPU
		{51929704-C0C0-4666-B6AA-9A3D72CB1DC3}.Release|Any CPU.ActiveCfg = Release|Any CPU
		{51929704-C0C0-4666-B6AA-9A3D72CB1DC3}.Release|Any CPU.Build.0 = Release|Any CPU
	EndGlobalSection
	GlobalSection(SolutionProperties) = preSolution
		HideSolutionNode = FALSE
	EndGlobalSection
	GlobalSection(ExtensibilityGlobals) = postSolution
		SolutionGuid = {A24D3F01-0CF6-4DBA-A27B-F2942C018D95}
	EndGlobalSection
EndGlobal
